
Microsoft Visual Studio Solution File, Format Version 12.00
# Visual Studio Version 16
VisualStudioVersion = 16.0.30611.23
MinimumVisualStudioVersion = 10.0.40219.1
Project("{8BC9CEB8-8B4A-11D0-8D11-00A0C91BC942}") = "CollisionDetection", "CollisionDetection\CollisionDetection.vcxproj", "{19DF6CC6-BEE0-42DD-B325-B55F35CDE63D}"
EndProject
Global
	GlobalSection(SolutionConfigurationPlatforms) = preSolution
		Debug|x64 = Debug|x64
		Debug|x86 = Debug|x86
		Release|x64 = Release|x64
		Release|x86 = Release|x86
	EndGlobalSection
	GlobalSection(ProjectConfigurationPlatforms) = postSolution
		{19DF6CC6-BEE0-42DD-B325-B55F35CDE63D}.Debug|x64.ActiveCfg = Debug|x64
		{19DF6CC6-BEE0-42DD-B325-B55F35CDE63D}.Debug|x64.Build.0 = Debug|x64
		{19DF6CC6-BEE0-42DD-B325-B55F35CDE63D}.Debug|x86.ActiveCfg = Debug|Win32
		{19DF6CC6-BEE0-42DD-B325-B55F35CDE63D}.Debug|x86.Build.0 = Debug|Win32
		{19DF6CC6-BEE0-42DD-B325-B55F35CDE63D}.Release|x64.ActiveCfg = Release|x64
		{19DF6CC6-BEE0-42DD-B325-B55F35CDE63D}.Release|x64.Build.0 = Release|x64
		{19DF6CC6-BEE0-42DD-B325-B55F35CDE63D}.Release|x86.ActiveCfg = Release|Win32
		{19DF6CC6-BEE0-42DD-B325-B55F35CDE63D}.Release|x86.Build.0 = Release|Win32
	EndGlobalSection
	GlobalSection(SolutionProperties) = preSolution
		HideSolutionNode = FALSE
	EndGlobalSection
	GlobalSection(ExtensibilityGlobals) = postSolution
		SolutionGuid = {7B8770E4-56A2-4F04-BFF6-EE2B7332C5DF}
	EndGlobalSection
EndGlobal
